// !$*UTF8*$!
{
	archiveVersion = 1;
	classes = {
	};
	objectVersion = 56;
	objects = {

/* Begin PBXBuildFile section */
		6413BB902B1DA2D7005DEA27 /* TrailingIconLabelStyle.swift in Sources */ = {isa = PBXBuildFile; fileRef = 6413BB8F2B1DA2D7005DEA27 /* TrailingIconLabelStyle.swift */; };
		6413BB922B1DA43A005DEA27 /* ScrumsView.swift in Sources */ = {isa = PBXBuildFile; fileRef = 6413BB912B1DA43A005DEA27 /* ScrumsView.swift */; };
		6413BB972B1DAE34005DEA27 /* DetailView.swift in Sources */ = {isa = PBXBuildFile; fileRef = 6413BB962B1DAE34005DEA27 /* DetailView.swift */; };
		6413BB992B1DB5F6005DEA27 /* DetailEditView.swift in Sources */ = {isa = PBXBuildFile; fileRef = 6413BB982B1DB5F6005DEA27 /* DetailEditView.swift */; };
		6413BB9B2B1DC42F005DEA27 /* ThemeView.swift in Sources */ = {isa = PBXBuildFile; fileRef = 6413BB9A2B1DC42F005DEA27 /* ThemeView.swift */; };
		6413BB9D2B1DC5D9005DEA27 /* ThemePicker.swift in Sources */ = {isa = PBXBuildFile; fileRef = 6413BB9C2B1DC5D9005DEA27 /* ThemePicker.swift */; };
		6413BB9F2B1DCC32005DEA27 /* MeetingHeaderView.swift in Sources */ = {isa = PBXBuildFile; fileRef = 6413BB9E2B1DCC32005DEA27 /* MeetingHeaderView.swift */; };
		6413BBA12B1DD65F005DEA27 /* ScrumProgressViewStyle.swift in Sources */ = {isa = PBXBuildFile; fileRef = 6413BBA02B1DD65F005DEA27 /* ScrumProgressViewStyle.swift */; };
		6413BBA32B1DD7D4005DEA27 /* ScrumTimer.swift in Sources */ = {isa = PBXBuildFile; fileRef = 6413BBA22B1DD7D4005DEA27 /* ScrumTimer.swift */; };
		6413BBA52B1DD9C3005DEA27 /* MeetingFooterView.swift in Sources */ = {isa = PBXBuildFile; fileRef = 6413BBA42B1DD9C3005DEA27 /* MeetingFooterView.swift */; };
		6413BBA82B1DDB9B005DEA27 /* ding.wav in Resources */ = {isa = PBXBuildFile; fileRef = 6413BBA72B1DDB9B005DEA27 /* ding.wav */; };
		6413BBAA2B1DDD61005DEA27 /* AVPlayer + Ding.swift in Sources */ = {isa = PBXBuildFile; fileRef = 6413BBA92B1DDD61005DEA27 /* AVPlayer + Ding.swift */; };
		6413BBAC2B1DE027005DEA27 /* NewScrumSheet.swift in Sources */ = {isa = PBXBuildFile; fileRef = 6413BBAB2B1DE027005DEA27 /* NewScrumSheet.swift */; };
		6413BBAE2B1DE0B7005DEA27 /* History.swift in Sources */ = {isa = PBXBuildFile; fileRef = 6413BBAD2B1DE0B7005DEA27 /* History.swift */; };
		6413BBB12B1DFA39005DEA27 /* ScrumStore.swift in Sources */ = {isa = PBXBuildFile; fileRef = 6413BBB02B1DFA39005DEA27 /* ScrumStore.swift */; };
		6413BBB32B1DFC31005DEA27 /* ErrorWrapper.swift in Sources */ = {isa = PBXBuildFile; fileRef = 6413BBB22B1DFC31005DEA27 /* ErrorWrapper.swift */; };
		6413BBB52B1DFCB4005DEA27 /* ErrorView.swift in Sources */ = {isa = PBXBuildFile; fileRef = 6413BBB42B1DFCB4005DEA27 /* ErrorView.swift */; };
		6413BBB72B1DFD58005DEA27 /* MeetingTimerView.swift in Sources */ = {isa = PBXBuildFile; fileRef = 6413BBB62B1DFD58005DEA27 /* MeetingTimerView.swift */; };
		6413BBB92B1DFD8E005DEA27 /* SpeakerArc.swift in Sources */ = {isa = PBXBuildFile; fileRef = 6413BBB82B1DFD8E005DEA27 /* SpeakerArc.swift */; };
		6413BBBC2B1DFEC1005DEA27 /* SpeechRecogniser.swift in Sources */ = {isa = PBXBuildFile; fileRef = 6413BBBB2B1DFEC1005DEA27 /* SpeechRecogniser.swift */; };
		6413BBBE2B1DFF92005DEA27 /* HistoryView.swift in Sources */ = {isa = PBXBuildFile; fileRef = 6413BBBD2B1DFF92005DEA27 /* HistoryView.swift */; };
		644CC2AF2B19F911002914FC /* ScrumdingerAppApp.swift in Sources */ = {isa = PBXBuildFile; fileRef = 644CC2AE2B19F911002914FC /* ScrumdingerAppApp.swift */; };
		644CC2B12B19F911002914FC /* MeetingView.swift in Sources */ = {isa = PBXBuildFile; fileRef = 644CC2B02B19F911002914FC /* MeetingView.swift */; };
		644CC2B32B19F912002914FC /* Assets.xcassets in Resources */ = {isa = PBXBuildFile; fileRef = 644CC2B22B19F912002914FC /* Assets.xcassets */; };
		644CC2B62B19F912002914FC /* Preview Assets.xcassets in Resources */ = {isa = PBXBuildFile; fileRef = 644CC2B52B19F912002914FC /* Preview Assets.xcassets */; };
		644CC2C12B19FBD1002914FC /* Theme.swift in Sources */ = {isa = PBXBuildFile; fileRef = 644CC2C02B19FBD1002914FC /* Theme.swift */; };
		644CC2C32B19FC00002914FC /* DailyScrum.swift in Sources */ = {isa = PBXBuildFile; fileRef = 644CC2C22B19FC00002914FC /* DailyScrum.swift */; };
		644CC2C52B19FC6F002914FC /* CardView.swift in Sources */ = {isa = PBXBuildFile; fileRef = 644CC2C42B19FC6F002914FC /* CardView.swift */; };
/* End PBXBuildFile section */

/* Begin PBXFileReference section */
		6413BB8F2B1DA2D7005DEA27 /* TrailingIconLabelStyle.swift */ = {isa = PBXFileReference; lastKnownFileType = sourcecode.swift; path = TrailingIconLabelStyle.swift; sourceTree = "<group>"; };
		6413BB912B1DA43A005DEA27 /* ScrumsView.swift */ = {isa = PBXFileReference; lastKnownFileType = sourcecode.swift; path = ScrumsView.swift; sourceTree = "<group>"; };
		6413BB962B1DAE34005DEA27 /* DetailView.swift */ = {isa = PBXFileReference; lastKnownFileType = sourcecode.swift; path = DetailView.swift; sourceTree = "<group>"; };
		6413BB982B1DB5F6005DEA27 /* DetailEditView.swift */ = {isa = PBXFileReference; lastKnownFileType = sourcecode.swift; path = DetailEditView.swift; sourceTree = "<group>"; };
		6413BB9A2B1DC42F005DEA27 /* ThemeView.swift */ = {isa = PBXFileReference; lastKnownFileType = sourcecode.swift; path = ThemeView.swift; sourceTree = "<group>"; };
		6413BB9C2B1DC5D9005DEA27 /* ThemePicker.swift */ = {isa = PBXFileReference; lastKnownFileType = sourcecode.swift; path = ThemePicker.swift; sourceTree = "<group>"; };
		6413BB9E2B1DCC32005DEA27 /* MeetingHeaderView.swift */ = {isa = PBXFileReference; lastKnownFileType = sourcecode.swift; path = MeetingHeaderView.swift; sourceTree = "<group>"; };
		6413BBA02B1DD65F005DEA27 /* ScrumProgressViewStyle.swift */ = {isa = PBXFileReference; fileEncoding = 4; lastKnownFileType = sourcecode.swift; path = ScrumProgressViewStyle.swift; sourceTree = "<group>"; };
		6413BBA22B1DD7D4005DEA27 /* ScrumTimer.swift */ = {isa = PBXFileReference; lastKnownFileType = sourcecode.swift; path = ScrumTimer.swift; sourceTree = "<group>"; };
		6413BBA42B1DD9C3005DEA27 /* MeetingFooterView.swift */ = {isa = PBXFileReference; lastKnownFileType = sourcecode.swift; path = MeetingFooterView.swift; sourceTree = "<group>"; };
		6413BBA72B1DDB9B005DEA27 /* ding.wav */ = {isa = PBXFileReference; lastKnownFileType = audio.wav; path = ding.wav; sourceTree = "<group>"; };
		6413BBA92B1DDD61005DEA27 /* AVPlayer + Ding.swift */ = {isa = PBXFileReference; lastKnownFileType = sourcecode.swift; path = "AVPlayer + Ding.swift"; sourceTree = "<group>"; };
		6413BBAB2B1DE027005DEA27 /* NewScrumSheet.swift */ = {isa = PBXFileReference; lastKnownFileType = sourcecode.swift; path = NewScrumSheet.swift; sourceTree = "<group>"; };
		6413BBAD2B1DE0B7005DEA27 /* History.swift */ = {isa = PBXFileReference; lastKnownFileType = sourcecode.swift; path = History.swift; sourceTree = "<group>"; };
		6413BBB02B1DFA39005DEA27 /* ScrumStore.swift */ = {isa = PBXFileReference; lastKnownFileType = sourcecode.swift; path = ScrumStore.swift; sourceTree = "<group>"; };
		6413BBB22B1DFC31005DEA27 /* ErrorWrapper.swift */ = {isa = PBXFileReference; lastKnownFileType = sourcecode.swift; path = ErrorWrapper.swift; sourceTree = "<group>"; };
		6413BBB42B1DFCB4005DEA27 /* ErrorView.swift */ = {isa = PBXFileReference; lastKnownFileType = sourcecode.swift; path = ErrorView.swift; sourceTree = "<group>"; };
		6413BBB62B1DFD58005DEA27 /* MeetingTimerView.swift */ = {isa = PBXFileReference; lastKnownFileType = sourcecode.swift; path = MeetingTimerView.swift; sourceTree = "<group>"; };
		6413BBB82B1DFD8E005DEA27 /* SpeakerArc.swift */ = {isa = PBXFileReference; lastKnownFileType = sourcecode.swift; path = SpeakerArc.swift; sourceTree = "<group>"; };
		6413BBBA2B1DFE34005DEA27 /* Info.plist */ = {isa = PBXFileReference; lastKnownFileType = text.plist; path = Info.plist; sourceTree = "<group>"; };
		6413BBBB2B1DFEC1005DEA27 /* SpeechRecogniser.swift */ = {isa = PBXFileReference; lastKnownFileType = sourcecode.swift; path = SpeechRecogniser.swift; sourceTree = "<group>"; };
		6413BBBD2B1DFF92005DEA27 /* HistoryView.swift */ = {isa = PBXFileReference; lastKnownFileType = sourcecode.swift; path = HistoryView.swift; sourceTree = "<group>"; };
		644CC2AB2B19F911002914FC /* ScrumdingerApp.app */ = {isa = PBXFileReference; explicitFileType = wrapper.application; includeInIndex = 0; path = ScrumdingerApp.app; sourceTree = BUILT_PRODUCTS_DIR; };
		644CC2AE2B19F911002914FC /* ScrumdingerAppApp.swift */ = {isa = PBXFileReference; lastKnownFileType = sourcecode.swift; path = ScrumdingerAppApp.swift; sourceTree = "<group>"; };
		644CC2B02B19F911002914FC /* MeetingView.swift */ = {isa = PBXFileReference; lastKnownFileType = sourcecode.swift; path = MeetingView.swift; sourceTree = "<group>"; };
		644CC2B22B19F912002914FC /* Assets.xcassets */ = {isa = PBXFileReference; lastKnownFileType = folder.assetcatalog; path = Assets.xcassets; sourceTree = "<group>"; };
		644CC2B52B19F912002914FC /* Preview Assets.xcassets */ = {isa = PBXFileReference; lastKnownFileType = folder.assetcatalog; path = "Preview Assets.xcassets"; sourceTree = "<group>"; };
		644CC2C02B19FBD1002914FC /* Theme.swift */ = {isa = PBXFileReference; lastKnownFileType = sourcecode.swift; path = Theme.swift; sourceTree = "<group>"; };
		644CC2C22B19FC00002914FC /* DailyScrum.swift */ = {isa = PBXFileReference; lastKnownFileType = sourcecode.swift; path = DailyScrum.swift; sourceTree = "<group>"; };
		644CC2C42B19FC6F002914FC /* CardView.swift */ = {isa = PBXFileReference; lastKnownFileType = sourcecode.swift; path = CardView.swift; sourceTree = "<group>"; };
/* End PBXFileReference section */

/* Begin PBXFrameworksBuildPhase section */
		644CC2A82B19F911002914FC /* Frameworks */ = {
			isa = PBXFrameworksBuildPhase;
			buildActionMask = 2147483647;
			files = (
			);
			runOnlyForDeploymentPostprocessing = 0;
		};
/* End PBXFrameworksBuildPhase section */

/* Begin PBXGroup section */
		6413BB932B1DA74D005DEA27 /* Views */ = {
			isa = PBXGroup;
			children = (
				644CC2B02B19F911002914FC /* MeetingView.swift */,
				644CC2C42B19FC6F002914FC /* CardView.swift */,
				6413BB912B1DA43A005DEA27 /* ScrumsView.swift */,
				6413BB962B1DAE34005DEA27 /* DetailView.swift */,
				6413BBA02B1DD65F005DEA27 /* ScrumProgressViewStyle.swift */,
				6413BB982B1DB5F6005DEA27 /* DetailEditView.swift */,
				6413BB9A2B1DC42F005DEA27 /* ThemeView.swift */,
				6413BB9E2B1DCC32005DEA27 /* MeetingHeaderView.swift */,
				6413BBA42B1DD9C3005DEA27 /* MeetingFooterView.swift */,
				6413BBAB2B1DE027005DEA27 /* NewScrumSheet.swift */,
				6413BBB42B1DFCB4005DEA27 /* ErrorView.swift */,
				6413BB9C2B1DC5D9005DEA27 /* ThemePicker.swift */,
				6413BBB62B1DFD58005DEA27 /* MeetingTimerView.swift */,
				6413BBB82B1DFD8E005DEA27 /* SpeakerArc.swift */,
				6413BBBD2B1DFF92005DEA27 /* HistoryView.swift */,
			);
			path = Views;
			sourceTree = "<group>";
		};
		6413BB942B1DA76F005DEA27 /* Helper */ = {
			isa = PBXGroup;
			children = (
				6413BB8F2B1DA2D7005DEA27 /* TrailingIconLabelStyle.swift */,
			);
			path = Helper;
			sourceTree = "<group>";
		};
		6413BB952B1DA782005DEA27 /* App */ = {
			isa = PBXGroup;
			children = (
				644CC2AE2B19F911002914FC /* ScrumdingerAppApp.swift */,
			);
			path = App;
			sourceTree = "<group>";
		};
		6413BBA62B1DDB8A005DEA27 /* Resources */ = {
			isa = PBXGroup;
			children = (
				6413BBA72B1DDB9B005DEA27 /* ding.wav */,
			);
			path = Resources;
			sourceTree = "<group>";
		};
		6413BBAF2B1DFA18005DEA27 /* ViewModel */ = {
			isa = PBXGroup;
			children = (
				6413BBB02B1DFA39005DEA27 /* ScrumStore.swift */,
			);
			path = ViewModel;
			sourceTree = "<group>";
		};
		644CC2A22B19F911002914FC = {
			isa = PBXGroup;
			children = (
				644CC2AD2B19F911002914FC /* ScrumdingerApp */,
				644CC2AC2B19F911002914FC /* Products */,
			);
			sourceTree = "<group>";
		};
		644CC2AC2B19F911002914FC /* Products */ = {
			isa = PBXGroup;
			children = (
				644CC2AB2B19F911002914FC /* ScrumdingerApp.app */,
			);
			name = Products;
			sourceTree = "<group>";
		};
		644CC2AD2B19F911002914FC /* ScrumdingerApp */ = {
			isa = PBXGroup;
			children = (
				6413BBBA2B1DFE34005DEA27 /* Info.plist */,
				6413BBAF2B1DFA18005DEA27 /* ViewModel */,
				6413BBA62B1DDB8A005DEA27 /* Resources */,
				6413BB952B1DA782005DEA27 /* App */,
				6413BB942B1DA76F005DEA27 /* Helper */,
				6413BB932B1DA74D005DEA27 /* Views */,
				644CC2BF2B19FBC6002914FC /* Models */,
				644CC2B22B19F912002914FC /* Assets.xcassets */,
				644CC2B42B19F912002914FC /* Preview Content */,
			);
			path = ScrumdingerApp;
			sourceTree = "<group>";
		};
		644CC2B42B19F912002914FC /* Preview Content */ = {
			isa = PBXGroup;
			children = (
				644CC2B52B19F912002914FC /* Preview Assets.xcassets */,
			);
			path = "Preview Content";
			sourceTree = "<group>";
		};
		644CC2BF2B19FBC6002914FC /* Models */ = {
			isa = PBXGroup;
			children = (
				644CC2C02B19FBD1002914FC /* Theme.swift */,
				644CC2C22B19FC00002914FC /* DailyScrum.swift */,
				6413BBA22B1DD7D4005DEA27 /* ScrumTimer.swift */,
				6413BBA92B1DDD61005DEA27 /* AVPlayer + Ding.swift */,
				6413BBAD2B1DE0B7005DEA27 /* History.swift */,
				6413BBB22B1DFC31005DEA27 /* ErrorWrapper.swift */,
				6413BBBB2B1DFEC1005DEA27 /* SpeechRecogniser.swift */,
			);
			path = Models;
			sourceTree = "<group>";
		};
/* End PBXGroup section */

/* Begin PBXNativeTarget section */
		644CC2AA2B19F911002914FC /* ScrumdingerApp */ = {
			isa = PBXNativeTarget;
			buildConfigurationList = 644CC2B92B19F912002914FC /* Build configuration list for PBXNativeTarget "ScrumdingerApp" */;
			buildPhases = (
				644CC2A72B19F911002914FC /* Sources */,
				644CC2A82B19F911002914FC /* Frameworks */,
				644CC2A92B19F911002914FC /* Resources */,
			);
			buildRules = (
			);
			dependencies = (
			);
			name = ScrumdingerApp;
			productName = ScrumdingerApp;
			productReference = 644CC2AB2B19F911002914FC /* ScrumdingerApp.app */;
			productType = "com.apple.product-type.application";
		};
/* End PBXNativeTarget section */

/* Begin PBXProject section */
		644CC2A32B19F911002914FC /* Project object */ = {
			isa = PBXProject;
			attributes = {
				BuildIndependentTargetsInParallel = 1;
				LastSwiftUpdateCheck = 1430;
				LastUpgradeCheck = 1430;
				TargetAttributes = {
					644CC2AA2B19F911002914FC = {
						CreatedOnToolsVersion = 14.3.1;
					};
				};
			};
			buildConfigurationList = 644CC2A62B19F911002914FC /* Build configuration list for PBXProject "ScrumdingerApp" */;
			compatibilityVersion = "Xcode 14.0";
			developmentRegion = en;
			hasScannedForEncodings = 0;
			knownRegions = (
				en,
				Base,
			);
			mainGroup = 644CC2A22B19F911002914FC;
			productRefGroup = 644CC2AC2B19F911002914FC /* Products */;
			projectDirPath = "";
			projectRoot = "";
			targets = (
				644CC2AA2B19F911002914FC /* ScrumdingerApp */,
			);
		};
/* End PBXProject section */

/* Begin PBXResourcesBuildPhase section */
		644CC2A92B19F911002914FC /* Resources */ = {
			isa = PBXResourcesBuildPhase;
			buildActionMask = 2147483647;
			files = (
				6413BBA82B1DDB9B005DEA27 /* ding.wav in Resources */,
				644CC2B62B19F912002914FC /* Preview Assets.xcassets in Resources */,
				644CC2B32B19F912002914FC /* Assets.xcassets in Resources */,
			);
			runOnlyForDeploymentPostprocessing = 0;
		};
/* End PBXResourcesBuildPhase section */

/* Begin PBXSourcesBuildPhase section */
		644CC2A72B19F911002914FC /* Sources */ = {
			isa = PBXSourcesBuildPhase;
			buildActionMask = 2147483647;
			files = (
				6413BBAE2B1DE0B7005DEA27 /* History.swift in Sources */,
				6413BB9D2B1DC5D9005DEA27 /* ThemePicker.swift in Sources */,
				6413BBBC2B1DFEC1005DEA27 /* SpeechRecogniser.swift in Sources */,
				6413BBAA2B1DDD61005DEA27 /* AVPlayer + Ding.swift in Sources */,
				6413BBA12B1DD65F005DEA27 /* ScrumProgressViewStyle.swift in Sources */,
				6413BBB92B1DFD8E005DEA27 /* SpeakerArc.swift in Sources */,
				6413BBB52B1DFCB4005DEA27 /* ErrorView.swift in Sources */,
				6413BBBE2B1DFF92005DEA27 /* HistoryView.swift in Sources */,
				6413BBA52B1DD9C3005DEA27 /* MeetingFooterView.swift in Sources */,
				6413BBB72B1DFD58005DEA27 /* MeetingTimerView.swift in Sources */,
				6413BBA32B1DD7D4005DEA27 /* ScrumTimer.swift in Sources */,
				6413BBB12B1DFA39005DEA27 /* ScrumStore.swift in Sources */,
				644CC2C32B19FC00002914FC /* DailyScrum.swift in Sources */,
				6413BBB32B1DFC31005DEA27 /* ErrorWrapper.swift in Sources */,
				6413BB972B1DAE34005DEA27 /* DetailView.swift in Sources */,
				6413BB9F2B1DCC32005DEA27 /* MeetingHeaderView.swift in Sources */,
				6413BBAC2B1DE027005DEA27 /* NewScrumSheet.swift in Sources */,
				6413BB992B1DB5F6005DEA27 /* DetailEditView.swift in Sources */,
				6413BB902B1DA2D7005DEA27 /* TrailingIconLabelStyle.swift in Sources */,
				644CC2C12B19FBD1002914FC /* Theme.swift in Sources */,
				6413BB922B1DA43A005DEA27 /* ScrumsView.swift in Sources */,
				644CC2B12B19F911002914FC /* MeetingView.swift in Sources */,
				644CC2AF2B19F911002914FC /* ScrumdingerAppApp.swift in Sources */,
				6413BB9B2B1DC42F005DEA27 /* ThemeView.swift in Sources */,
				644CC2C52B19FC6F002914FC /* CardView.swift in Sources */,
			);
			runOnlyForDeploymentPostprocessing = 0;
		};
/* End PBXSourcesBuildPhase section */

/* Begin XCBuildConfiguration section */
		644CC2B72B19F912002914FC /* Debug */ = {
			isa = XCBuildConfiguration;
			buildSettings = {
				ALWAYS_SEARCH_USER_PATHS = NO;
				CLANG_ANALYZER_NONNULL = YES;
				CLANG_ANALYZER_NUMBER_OBJECT_CONVERSION = YES_AGGRESSIVE;
				CLANG_CXX_LANGUAGE_STANDARD = "gnu++20";
				CLANG_ENABLE_MODULES = YES;
				CLANG_ENABLE_OBJC_ARC = YES;
				CLANG_ENABLE_OBJC_WEAK = YES;
				CLANG_WARN_BLOCK_CAPTURE_AUTORELEASING = YES;
				CLANG_WARN_BOOL_CONVERSION = YES;
				CLANG_WARN_COMMA = YES;
				CLANG_WARN_CONSTANT_CONVERSION = YES;
				CLANG_WARN_DEPRECATED_OBJC_IMPLEMENTATIONS = YES;
				CLANG_WARN_DIRECT_OBJC_ISA_USAGE = YES_ERROR;
				CLANG_WARN_DOCUMENTATION_COMMENTS = YES;
				CLANG_WARN_EMPTY_BODY = YES;
				CLANG_WARN_ENUM_CONVERSION = YES;
				CLANG_WARN_INFINITE_RECURSION = YES;
				CLANG_WARN_INT_CONVERSION = YES;
				CLANG_WARN_NON_LITERAL_NULL_CONVERSION = YES;
				CLANG_WARN_OBJC_IMPLICIT_RETAIN_SELF = YES;
				CLANG_WARN_OBJC_LITERAL_CONVERSION = YES;
				CLANG_WARN_OBJC_ROOT_CLASS = YES_ERROR;
				CLANG_WARN_QUOTED_INCLUDE_IN_FRAMEWORK_HEADER = YES;
				CLANG_WARN_RANGE_LOOP_ANALYSIS = YES;
				CLANG_WARN_STRICT_PROTOTYPES = YES;
				CLANG_WARN_SUSPICIOUS_MOVE = YES;
				CLANG_WARN_UNGUARDED_AVAILABILITY = YES_AGGRESSIVE;
				CLANG_WARN_UNREACHABLE_CODE = YES;
				CLANG_WARN__DUPLICATE_METHOD_MATCH = YES;
				COPY_PHASE_STRIP = NO;
				DEBUG_INFORMATION_FORMAT = dwarf;
				ENABLE_STRICT_OBJC_MSGSEND = YES;
				ENABLE_TESTABILITY = YES;
				GCC_C_LANGUAGE_STANDARD = gnu11;
				GCC_DYNAMIC_NO_PIC = NO;
				GCC_NO_COMMON_BLOCKS = YES;
				GCC_OPTIMIZATION_LEVEL = 0;
				GCC_PREPROCESSOR_DEFINITIONS = (
					"DEBUG=1",
					"$(inherited)",
				);
				GCC_WARN_64_TO_32_BIT_CONVERSION = YES;
				GCC_WARN_ABOUT_RETURN_TYPE = YES_ERROR;
				GCC_WARN_UNDECLARED_SELECTOR = YES;
				GCC_WARN_UNINITIALIZED_AUTOS = YES_AGGRESSIVE;
				GCC_WARN_UNUSED_FUNCTION = YES;
				GCC_WARN_UNUSED_VARIABLE = YES;
				IPHONEOS_DEPLOYMENT_TARGET = 16.4;
				MTL_ENABLE_DEBUG_INFO = INCLUDE_SOURCE;
				MTL_FAST_MATH = YES;
				ONLY_ACTIVE_ARCH = YES;
				SDKROOT = iphoneos;
				SWIFT_ACTIVE_COMPILATION_CONDITIONS = DEBUG;
				SWIFT_OPTIMIZATION_LEVEL = "-Onone";
			};
			name = Debug;
		};
		644CC2B82B19F912002914FC /* Release */ = {
			isa = XCBuildConfiguration;
			buildSettings = {
				ALWAYS_SEARCH_USER_PATHS = NO;
				CLANG_ANALYZER_NONNULL = YES;
				CLANG_ANALYZER_NUMBER_OBJECT_CONVERSION = YES_AGGRESSIVE;
				CLANG_CXX_LANGUAGE_STANDARD = "gnu++20";
				CLANG_ENABLE_MODULES = YES;
				CLANG_ENABLE_OBJC_ARC = YES;
				CLANG_ENABLE_OBJC_WEAK = YES;
				CLANG_WARN_BLOCK_CAPTURE_AUTORELEASING = YES;
				CLANG_WARN_BOOL_CONVERSION = YES;
				CLANG_WARN_COMMA = YES;
				CLANG_WARN_CONSTANT_CONVERSION = YES;
				CLANG_WARN_DEPRECATED_OBJC_IMPLEMENTATIONS = YES;
				CLANG_WARN_DIRECT_OBJC_ISA_USAGE = YES_ERROR;
				CLANG_WARN_DOCUMENTATION_COMMENTS = YES;
				CLANG_WARN_EMPTY_BODY = YES;
				CLANG_WARN_ENUM_CONVERSION = YES;
				CLANG_WARN_INFINITE_RECURSION = YES;
				CLANG_WARN_INT_CONVERSION = YES;
				CLANG_WARN_NON_LITERAL_NULL_CONVERSION = YES;
				CLANG_WARN_OBJC_IMPLICIT_RETAIN_SELF = YES;
				CLANG_WARN_OBJC_LITERAL_CONVERSION = YES;
				CLANG_WARN_OBJC_ROOT_CLASS = YES_ERROR;
				CLANG_WARN_QUOTED_INCLUDE_IN_FRAMEWORK_HEADER = YES;
				CLANG_WARN_RANGE_LOOP_ANALYSIS = YES;
				CLANG_WARN_STRICT_PROTOTYPES = YES;
				CLANG_WARN_SUSPICIOUS_MOVE = YES;
				CLANG_WARN_UNGUARDED_AVAILABILITY = YES_AGGRESSIVE;
				CLANG_WARN_UNREACHABLE_CODE = YES;
				CLANG_WARN__DUPLICATE_METHOD_MATCH = YES;
				COPY_PHASE_STRIP = NO;
				DEBUG_INFORMATION_FORMAT = "dwarf-with-dsym";
				ENABLE_NS_ASSERTIONS = NO;
				ENABLE_STRICT_OBJC_MSGSEND = YES;
				GCC_C_LANGUAGE_STANDARD = gnu11;
				GCC_NO_COMMON_BLOCKS = YES;
				GCC_WARN_64_TO_32_BIT_CONVERSION = YES;
				GCC_WARN_ABOUT_RETURN_TYPE = YES_ERROR;
				GCC_WARN_UNDECLARED_SELECTOR = YES;
				GCC_WARN_UNINITIALIZED_AUTOS = YES_AGGRESSIVE;
				GCC_WARN_UNUSED_FUNCTION = YES;
				GCC_WARN_UNUSED_VARIABLE = YES;
				IPHONEOS_DEPLOYMENT_TARGET = 16.4;
				MTL_ENABLE_DEBUG_INFO = NO;
				MTL_FAST_MATH = YES;
				SDKROOT = iphoneos;
				SWIFT_COMPILATION_MODE = wholemodule;
				SWIFT_OPTIMIZATION_LEVEL = "-O";
				VALIDATE_PRODUCT = YES;
			};
			name = Release;
		};
		644CC2BA2B19F912002914FC /* Debug */ = {
			isa = XCBuildConfiguration;
			buildSettings = {
				ASSETCATALOG_COMPILER_APPICON_NAME = AppIcon;
				ASSETCATALOG_COMPILER_GLOBAL_ACCENT_COLOR_NAME = AccentColor;
				CODE_SIGN_STYLE = Automatic;
				CURRENT_PROJECT_VERSION = 1;
				DEVELOPMENT_ASSET_PATHS = "\"ScrumdingerApp/Preview Content\"";
				ENABLE_PREVIEWS = YES;
				GENERATE_INFOPLIST_FILE = YES;
				INFOPLIST_FILE = ScrumdingerApp/Info.plist;
				INFOPLIST_KEY_CFBundleDisplayName = "";
				INFOPLIST_KEY_LSApplicationCategoryType = "";
				INFOPLIST_KEY_NSMicrophoneUsageDescription = "Audio is recorded to transcribe the meeting. Audio recordings are discarded after transcription";
				INFOPLIST_KEY_NSSpeechRecognitionUsageDescription = "You can view a text transcription of your meeting in the app";
				INFOPLIST_KEY_UIApplicationSceneManifest_Generation = YES;
				INFOPLIST_KEY_UIApplicationSupportsIndirectInputEvents = YES;
				INFOPLIST_KEY_UILaunchScreen_Generation = YES;
				INFOPLIST_KEY_UISupportedInterfaceOrientations_iPad = "UIInterfaceOrientationPortrait UIInterfaceOrientationPortraitUpsideDown UIInterfaceOrientationLandscapeLeft UIInterfaceOrientationLandscapeRight";
				INFOPLIST_KEY_UISupportedInterfaceOrientations_iPhone = "UIInterfaceOrientationPortrait UIInterfaceOrientationLandscapeLeft UIInterfaceOrientationLandscapeRight";
				LD_RUNPATH_SEARCH_PATHS = (
					"$(inherited)",
					"@executable_path/Frameworks",
				);
				MARKETING_VERSION = 1.0;
				PRODUCT_BUNDLE_IDENTIFIER = com.scrumdinger.ScrumdingerApp;
				PRODUCT_NAME = "$(TARGET_NAME)";
				SWIFT_EMIT_LOC_STRINGS = YES;
				SWIFT_VERSION = 5.0;
				TARGETED_DEVICE_FAMILY = "1,2";
			};
			name = Debug;
		};
		644CC2BB2B19F912002914FC /* Release */ = {
			isa = XCBuildConfiguration;
			buildSettings = {
				ASSETCATALOG_COMPILER_APPICON_NAME = AppIcon;
				ASSETCATALOG_COMPILER_GLOBAL_ACCENT_COLOR_NAME = AccentColor;
				CODE_SIGN_STYLE = Automatic;
				CURRENT_PROJECT_VERSION = 1;
				DEVELOPMENT_ASSET_PATHS = "\"ScrumdingerApp/Preview Content\"";
				ENABLE_PREVIEWS = YES;
				GENERATE_INFOPLIST_FILE = YES;
				INFOPLIST_FILE = ScrumdingerApp/Info.plist;
				INFOPLIST_KEY_CFBundleDisplayName = "";
				INFOPLIST_KEY_LSApplicationCategoryType = "";
				INFOPLIST_KEY_NSMicrophoneUsageDescription = "Audio is recorded to transcribe the meeting. Audio recordings are discarded after transcription";
				INFOPLIST_KEY_NSSpeechRecognitionUsageDescription = "You can view a text transcription of your meeting in the app";
				INFOPLIST_KEY_UIApplicationSceneManifest_Generation = YES;
				INFOPLIST_KEY_UIApplicationSupportsIndirectInputEvents = YES;
				INFOPLIST_KEY_UILaunchScreen_Generation = YES;
				INFOPLIST_KEY_UISupportedInterfaceOrientations_iPad = "UIInterfaceOrientationPortrait UIInterfaceOrientationPortraitUpsideDown UIInterfaceOrientationLandscapeLeft UIInterfaceOrientationLandscapeRight";
				INFOPLIST_KEY_UISupportedInterfaceOrientations_iPhone = "UIInterfaceOrientationPortrait UIInterfaceOrientationLandscapeLeft UIInterfaceOrientationLandscapeRight";
				LD_RUNPATH_SEARCH_PATHS = (
					"$(inherited)",
					"@executable_path/Frameworks",
				);
				MARKETING_VERSION = 1.0;
				PRODUCT_BUNDLE_IDENTIFIER = com.scrumdinger.ScrumdingerApp;
				PRODUCT_NAME = "$(TARGET_NAME)";
				SWIFT_EMIT_LOC_STRINGS = YES;
				SWIFT_VERSION = 5.0;
				TARGETED_DEVICE_FAMILY = "1,2";
			};
			name = Release;
		};
/* End XCBuildConfiguration section */

/* Begin XCConfigurationList section */
		644CC2A62B19F911002914FC /* Build configuration list for PBXProject "ScrumdingerApp" */ = {
			isa = XCConfigurationList;
			buildConfigurations = (
				644CC2B72B19F912002914FC /* Debug */,
				644CC2B82B19F912002914FC /* Release */,
			);
			defaultConfigurationIsVisible = 0;
			defaultConfigurationName = Release;
		};
		644CC2B92B19F912002914FC /* Build configuration list for PBXNativeTarget "ScrumdingerApp" */ = {
			isa = XCConfigurationList;
			buildConfigurations = (
				644CC2BA2B19F912002914FC /* Debug */,
				644CC2BB2B19F912002914FC /* Release */,
			);
			defaultConfigurationIsVisible = 0;
			defaultConfigurationName = Release;
		};
/* End XCConfigurationList section */
	};
	rootObject = 644CC2A32B19F911002914FC /* Project object */;
}
